
Microsoft Visual Studio Solution File, Format Version 12.00
# Visual Studio Version 17
VisualStudioVersion = 17.13.35806.99 d17.13
MinimumVisualStudioVersion = 10.0.40219.1
Project("{FAE04EC0-301F-11D3-BF4B-00C04F79EFBC}") = "inventory Project", "inventory Project\inventory Project.csproj", "{F20117C6-1E59-4248-91FF-3DDC16AA12B2}"
EndProject
Global
	GlobalSection(SolutionConfigurationPlatforms) = preSolution
		Debug|Any CPU = Debug|Any CPU
		Release|Any CPU = Release|Any CPU
	EndGlobalSection
	GlobalSection(ProjectConfigurationPlatforms) = postSolution
		{F20117C6-1E59-4248-91FF-3DDC16AA12B2}.Debug|Any CPU.ActiveCfg = Debug|Any CPU
		{F20117C6-1E59-4248-91FF-3DDC16AA12B2}.Debug|Any CPU.Build.0 = Debug|Any CPU
		{F20117C6-1E59-4248-91FF-3DDC16AA12B2}.Release|Any CPU.ActiveCfg = Release|Any CPU
		{F20117C6-1E59-4248-91FF-3DDC16AA12B2}.Release|Any CPU.Build.0 = Release|Any CPU
	EndGlobalSection
	GlobalSection(SolutionProperties) = preSolution
		HideSolutionNode = FALSE
	EndGlobalSection
	GlobalSection(ExtensibilityGlobals) = postSolution
		SolutionGuid = {90FCDE42-7420-4696-92BE-8703B7FC14DC}
	EndGlobalSection
EndGlobal
